// !$*UTF8*$!
{
	archiveVersion = 1;
	classes = {
	};
	objectVersion = 46;
	objects = {

/* Begin PBXBuildFile section */
		99197F2D1CAE7EB20013D1C0 /* practiceTableViewController.m in Sources */ = {isa = PBXBuildFile; fileRef = 99197F2C1CAE7EB20013D1C0 /* practiceTableViewController.m */; };
		99197F301CAE8EFA0013D1C0 /* practice2ViewController.m in Sources */ = {isa = PBXBuildFile; fileRef = 99197F2F1CAE8EFA0013D1C0 /* practice2ViewController.m */; };
		9947634B1CAB6CAF008B4E57 /* foundViewController.m in Sources */ = {isa = PBXBuildFile; fileRef = 9947634A1CAB6CAF008B4E57 /* foundViewController.m */; };
		994763B11CAB7BA4008B4E57 /* CoreTelephony.framework in Frameworks */ = {isa = PBXBuildFile; fileRef = 994763B01CAB7BA4008B4E57 /* CoreTelephony.framework */; };
		994763B31CAB7BB1008B4E57 /* SystemConfiguration.framework in Frameworks */ = {isa = PBXBuildFile; fileRef = 994763B21CAB7BB1008B4E57 /* SystemConfiguration.framework */; };
		994763B51CAB7BBA008B4E57 /* CFNetwork.framework in Frameworks */ = {isa = PBXBuildFile; fileRef = 994763B41CAB7BBA008B4E57 /* CFNetwork.framework */; };
		994763B71CAB7BCA008B4E57 /* NetworkExtension.framework in Frameworks */ = {isa = PBXBuildFile; fileRef = 994763B61CAB7BCA008B4E57 /* NetworkExtension.framework */; };
		994763BA1CAB7CBD008B4E57 /* QRCodeViewController.m in Sources */ = {isa = PBXBuildFile; fileRef = 994763B91CAB7CBD008B4E57 /* QRCodeViewController.m */; };
		994763BF1CAB7DFD008B4E57 /* UIView+SDExtension.m in Sources */ = {isa = PBXBuildFile; fileRef = 994763BD1CAB7DFD008B4E57 /* UIView+SDExtension.m */; };
		994763D01CAB7E2A008B4E57 /* bitstream.c in Sources */ = {isa = PBXBuildFile; fileRef = 994763C01CAB7E2A008B4E57 /* bitstream.c */; };
		994763D11CAB7E2A008B4E57 /* mask.c in Sources */ = {isa = PBXBuildFile; fileRef = 994763C21CAB7E2A008B4E57 /* mask.c */; };
		994763D21CAB7E2A008B4E57 /* QRCodeGenerator.m in Sources */ = {isa = PBXBuildFile; fileRef = 994763C51CAB7E2A008B4E57 /* QRCodeGenerator.m */; };
		994763D31CAB7E2A008B4E57 /* qrencode.c in Sources */ = {isa = PBXBuildFile; fileRef = 994763C61CAB7E2A008B4E57 /* qrencode.c */; };
		994763D41CAB7E2A008B4E57 /* qrinput.c in Sources */ = {isa = PBXBuildFile; fileRef = 994763C81CAB7E2A008B4E57 /* qrinput.c */; };
		994763D51CAB7E2A008B4E57 /* qrspec.c in Sources */ = {isa = PBXBuildFile; fileRef = 994763CA1CAB7E2A008B4E57 /* qrspec.c */; };
		994763D61CAB7E2A008B4E57 /* rscode.c in Sources */ = {isa = PBXBuildFile; fileRef = 994763CC1CAB7E2A008B4E57 /* rscode.c */; };
		994763D71CAB7E2A008B4E57 /* split.c in Sources */ = {isa = PBXBuildFile; fileRef = 994763CE1CAB7E2A008B4E57 /* split.c */; };
		994763E41CAB807E008B4E57 /* qrcode_scan_btn_photo_down@2x.png in Resources */ = {isa = PBXBuildFile; fileRef = 994763D81CAB807E008B4E57 /* qrcode_scan_btn_photo_down@2x.png */; };
		994763E51CAB807E008B4E57 /* qrcode_scan_btn_flash_down@2x.png in Resources */ = {isa = PBXBuildFile; fileRef = 994763D91CAB807E008B4E57 /* qrcode_scan_btn_flash_down@2x.png */; };
		994763E61CAB807E008B4E57 /* qrcode_scan_titlebar_back_nor@2x.png in Resources */ = {isa = PBXBuildFile; fileRef = 994763DA1CAB807E008B4E57 /* qrcode_scan_titlebar_back_nor@2x.png */; };
		994763E71CAB807E008B4E57 /* Bangladeshi@2x.png in Resources */ = {isa = PBXBuildFile; fileRef = 994763DB1CAB807E008B4E57 /* Bangladeshi@2x.png */; };
		994763E81CAB807E008B4E57 /* Icon-60@2x.png in Resources */ = {isa = PBXBuildFile; fileRef = 994763DC1CAB807E008B4E57 /* Icon-60@2x.png */; };
		994763E91CAB807E008B4E57 /* scan_net@2x.png in Resources */ = {isa = PBXBuildFile; fileRef = 994763DD1CAB807E008B4E57 /* scan_net@2x.png */; };
		994763EA1CAB807E008B4E57 /* scan_4@2x.png in Resources */ = {isa = PBXBuildFile; fileRef = 994763DE1CAB807E008B4E57 /* scan_4@2x.png */; };
		994763EB1CAB807E008B4E57 /* scan_3@2x.png in Resources */ = {isa = PBXBuildFile; fileRef = 994763DF1CAB807E008B4E57 /* scan_3@2x.png */; };
		994763EC1CAB807E008B4E57 /* scan_2@2x.png in Resources */ = {isa = PBXBuildFile; fileRef = 994763E01CAB807E008B4E57 /* scan_2@2x.png */; };
		994763ED1CAB807E008B4E57 /* scan_1@2x.png in Resources */ = {isa = PBXBuildFile; fileRef = 994763E11CAB807E008B4E57 /* scan_1@2x.png */; };
		994763EE1CAB807E008B4E57 /* qrcode_scan_light_green@2x.png in Resources */ = {isa = PBXBuildFile; fileRef = 994763E21CAB807E008B4E57 /* qrcode_scan_light_green@2x.png */; };
		994763EF1CAB807E008B4E57 /* qrcode_scan_btn_myqrcode_down@2x.png in Resources */ = {isa = PBXBuildFile; fileRef = 994763E31CAB807E008B4E57 /* qrcode_scan_btn_myqrcode_down@2x.png */; };
		994763F11CAB82CE008B4E57 /* 二维码扫描.entitlements in Resources */ = {isa = PBXBuildFile; fileRef = 994763F01CAB82CE008B4E57 /* 二维码扫描.entitlements */; };
		994763F41CAB8709008B4E57 /* loginViewController.m in Sources */ = {isa = PBXBuildFile; fileRef = 994763F31CAB8709008B4E57 /* loginViewController.m */; };
		994763FF1CABA8F8008B4E57 /* 第三方登录@2x.png in Resources */ = {isa = PBXBuildFile; fileRef = 994763F51CABA8F8008B4E57 /* 第三方登录@2x.png */; };
		994764001CABA8F8008B4E57 /* 线@2x.png in Resources */ = {isa = PBXBuildFile; fileRef = 994763F61CABA8F8008B4E57 /* 线@2x.png */; };
		994764011CABA8F8008B4E57 /* 微信@2x.png in Resources */ = {isa = PBXBuildFile; fileRef = 994763F71CABA8F8008B4E57 /* 微信@2x.png */; };
		994764021CABA8F8008B4E57 /* 微博@2x.png in Resources */ = {isa = PBXBuildFile; fileRef = 994763F81CABA8F8008B4E57 /* 微博@2x.png */; };
		994764031CABA8F8008B4E57 /* 人人@2x.png in Resources */ = {isa = PBXBuildFile; fileRef = 994763F91CABA8F8008B4E57 /* 人人@2x.png */; };
		994764041CABA8F8008B4E57 /* icon@2x.png in Resources */ = {isa = PBXBuildFile; fileRef = 994763FA1CABA8F8008B4E57 /* icon@2x.png */; };
		994764051CABA8F8008B4E57 /* button@2x.png in Resources */ = {isa = PBXBuildFile; fileRef = 994763FB1CABA8F8008B4E57 /* button@2x.png */; };
		994764061CABA8F8008B4E57 /* 背景框@2x.png in Resources */ = {isa = PBXBuildFile; fileRef = 994763FC1CABA8F8008B4E57 /* 背景框@2x.png */; };
		994764071CABA8F8008B4E57 /* 背景图@2x.png in Resources */ = {isa = PBXBuildFile; fileRef = 994763FD1CABA8F8008B4E57 /* 背景图@2x.png */; };
		994764081CABA8F8008B4E57 /* lock@2x.png in Resources */ = {isa = PBXBuildFile; fileRef = 994763FE1CABA8F8008B4E57 /* lock@2x.png */; };
		9947640E1CABD9B5008B4E57 /* enrollViewController.m in Sources */ = {isa = PBXBuildFile; fileRef = 9947640D1CABD9B5008B4E57 /* enrollViewController.m */; };
		998DA6D71CAA6AE2006808FF /* chatViewController.m in Sources */ = {isa = PBXBuildFile; fileRef = 998DA6D61CAA6AE2006808FF /* chatViewController.m */; };
		99B0D2CA1CA8DC4700DE3965 /* main.m in Sources */ = {isa = PBXBuildFile; fileRef = 99B0D2C91CA8DC4700DE3965 /* main.m */; };
		99B0D2CD1CA8DC4700DE3965 /* AppDelegate.m in Sources */ = {isa = PBXBuildFile; fileRef = 99B0D2CC1CA8DC4700DE3965 /* AppDelegate.m */; };
		99B0D2D01CA8DC4700DE3965 /* ViewController.m in Sources */ = {isa = PBXBuildFile; fileRef = 99B0D2CF1CA8DC4700DE3965 /* ViewController.m */; };
		99B0D2D31CA8DC4700DE3965 /* Main.storyboard in Resources */ = {isa = PBXBuildFile; fileRef = 99B0D2D11CA8DC4700DE3965 /* Main.storyboard */; };
		99B0D2D51CA8DC4700DE3965 /* Assets.xcassets in Resources */ = {isa = PBXBuildFile; fileRef = 99B0D2D41CA8DC4700DE3965 /* Assets.xcassets */; };
		99B0D2D81CA8DC4700DE3965 /* LaunchScreen.storyboard in Resources */ = {isa = PBXBuildFile; fileRef = 99B0D2D61CA8DC4700DE3965 /* LaunchScreen.storyboard */; };
		99B0D2E31CA8DC4700DE3965 /* __Tests.m in Sources */ = {isa = PBXBuildFile; fileRef = 99B0D2E21CA8DC4700DE3965 /* __Tests.m */; };
		99B0D2EE1CA8DC4700DE3965 /* __UITests.m in Sources */ = {isa = PBXBuildFile; fileRef = 99B0D2ED1CA8DC4700DE3965 /* __UITests.m */; };
		99B0D3021CA9040600DE3965 /* dongtai.png in Resources */ = {isa = PBXBuildFile; fileRef = 99B0D2FC1CA9040600DE3965 /* dongtai.png */; };
		99B0D3031CA9040600DE3965 /* faxian.png in Resources */ = {isa = PBXBuildFile; fileRef = 99B0D2FD1CA9040600DE3965 /* faxian.png */; };
		99B0D3041CA9040600DE3965 /* liaotian.png in Resources */ = {isa = PBXBuildFile; fileRef = 99B0D2FE1CA9040600DE3965 /* liaotian.png */; };
		99B0D3051CA9040600DE3965 /* quan.png in Resources */ = {isa = PBXBuildFile; fileRef = 99B0D2FF1CA9040600DE3965 /* quan.png */; };
		99B0D3061CA9040600DE3965 /* shequ.png in Resources */ = {isa = PBXBuildFile; fileRef = 99B0D3001CA9040600DE3965 /* shequ.png */; };
		99B0D3071CA9040600DE3965 /* Thumbs.db in Resources */ = {isa = PBXBuildFile; fileRef = 99B0D3011CA9040600DE3965 /* Thumbs.db */; };
		99B0D3091CA907AA00DE3965 /* Podfile in Resources */ = {isa = PBXBuildFile; fileRef = 99B0D3081CA907AA00DE3965 /* Podfile */; };
		99FB0B761CAA77D6001635F8 /* 头像.png in Resources */ = {isa = PBXBuildFile; fileRef = 99FB0B751CAA77D6001635F8 /* 头像.png */; };
		D27B858ABBE05EBE31EF8876 /* libPods.a in Frameworks */ = {isa = PBXBuildFile; fileRef = 63FCEF84EADC805EF927E3C6 /* libPods.a */; };
/* End PBXBuildFile section */

/* Begin PBXContainerItemProxy section */
		99B0D2DF1CA8DC4700DE3965 /* PBXContainerItemProxy */ = {
			isa = PBXContainerItemProxy;
			containerPortal = 99B0D2BD1CA8DC4700DE3965 /* Project object */;
			proxyType = 1;
			remoteGlobalIDString = 99B0D2C41CA8DC4700DE3965;
			remoteInfo = "金堂";
		};
		99B0D2EA1CA8DC4700DE3965 /* PBXContainerItemProxy */ = {
			isa = PBXContainerItemProxy;
			containerPortal = 99B0D2BD1CA8DC4700DE3965 /* Project object */;
			proxyType = 1;
			remoteGlobalIDString = 99B0D2C41CA8DC4700DE3965;
			remoteInfo = "金堂";
		};
/* End PBXContainerItemProxy section */

/* Begin PBXFileReference section */
		63FCEF84EADC805EF927E3C6 /* libPods.a */ = {isa = PBXFileReference; explicitFileType = archive.ar; includeInIndex = 0; path = libPods.a; sourceTree = BUILT_PRODUCTS_DIR; };
		99197F2B1CAE7EB20013D1C0 /* practiceTableViewController.h */ = {isa = PBXFileReference; fileEncoding = 4; lastKnownFileType = sourcecode.c.h; path = practiceTableViewController.h; sourceTree = "<group>"; };
		99197F2C1CAE7EB20013D1C0 /* practiceTableViewController.m */ = {isa = PBXFileReference; fileEncoding = 4; lastKnownFileType = sourcecode.c.objc; path = practiceTableViewController.m; sourceTree = "<group>"; };
		99197F2E1CAE8EFA0013D1C0 /* practice2ViewController.h */ = {isa = PBXFileReference; fileEncoding = 4; lastKnownFileType = sourcecode.c.h; path = practice2ViewController.h; sourceTree = "<group>"; };
		99197F2F1CAE8EFA0013D1C0 /* practice2ViewController.m */ = {isa = PBXFileReference; fileEncoding = 4; lastKnownFileType = sourcecode.c.objc; path = practice2ViewController.m; sourceTree = "<group>"; };
		994763491CAB6CAF008B4E57 /* foundViewController.h */ = {isa = PBXFileReference; fileEncoding = 4; lastKnownFileType = sourcecode.c.h; path = foundViewController.h; sourceTree = "<group>"; };
		9947634A1CAB6CAF008B4E57 /* foundViewController.m */ = {isa = PBXFileReference; fileEncoding = 4; lastKnownFileType = sourcecode.c.objc; path = foundViewController.m; sourceTree = "<group>"; };
		994763B01CAB7BA4008B4E57 /* CoreTelephony.framework */ = {isa = PBXFileReference; lastKnownFileType = wrapper.framework; name = CoreTelephony.framework; path = System/Library/Frameworks/CoreTelephony.framework; sourceTree = SDKROOT; };
		994763B21CAB7BB1008B4E57 /* SystemConfiguration.framework */ = {isa = PBXFileReference; lastKnownFileType = wrapper.framework; name = SystemConfiguration.framework; path = System/Library/Frameworks/SystemConfiguration.framework; sourceTree = SDKROOT; };
		994763B41CAB7BBA008B4E57 /* CFNetwork.framework */ = {isa = PBXFileReference; lastKnownFileType = wrapper.framework; name = CFNetwork.framework; path = System/Library/Frameworks/CFNetwork.framework; sourceTree = SDKROOT; };
		994763B61CAB7BCA008B4E57 /* NetworkExtension.framework */ = {isa = PBXFileReference; lastKnownFileType = wrapper.framework; name = NetworkExtension.framework; path = System/Library/Frameworks/NetworkExtension.framework; sourceTree = SDKROOT; };
		994763B81CAB7CBD008B4E57 /* QRCodeViewController.h */ = {isa = PBXFileReference; fileEncoding = 4; lastKnownFileType = sourcecode.c.h; path = QRCodeViewController.h; sourceTree = "<group>"; };
		994763B91CAB7CBD008B4E57 /* QRCodeViewController.m */ = {isa = PBXFileReference; fileEncoding = 4; lastKnownFileType = sourcecode.c.objc; path = QRCodeViewController.m; sourceTree = "<group>"; };
		994763BD1CAB7DFD008B4E57 /* UIView+SDExtension.m */ = {isa = PBXFileReference; fileEncoding = 4; lastKnownFileType = sourcecode.c.objc; path = "UIView+SDExtension.m"; sourceTree = "<group>"; };
		994763BE1CAB7DFD008B4E57 /* UIView+SDExtension.h */ = {isa = PBXFileReference; fileEncoding = 4; lastKnownFileType = sourcecode.c.h; path = "UIView+SDExtension.h"; sourceTree = "<group>"; };
		994763C01CAB7E2A008B4E57 /* bitstream.c */ = {isa = PBXFileReference; fileEncoding = 4; lastKnownFileType = sourcecode.c.c; path = bitstream.c; sourceTree = "<group>"; };
		994763C11CAB7E2A008B4E57 /* bitstream.h */ = {isa = PBXFileReference; fileEncoding = 4; lastKnownFileType = sourcecode.c.h; path = bitstream.h; sourceTree = "<group>"; };
		994763C21CAB7E2A008B4E57 /* mask.c */ = {isa = PBXFileReference; fileEncoding = 4; lastKnownFileType = sourcecode.c.c; path = mask.c; sourceTree = "<group>"; };
		994763C31CAB7E2A008B4E57 /* mask.h */ = {isa = PBXFileReference; fileEncoding = 4; lastKnownFileType = sourcecode.c.h; path = mask.h; sourceTree = "<group>"; };
		994763C41CAB7E2A008B4E57 /* QRCodeGenerator.h */ = {isa = PBXFileReference; fileEncoding = 4; lastKnownFileType = sourcecode.c.h; path = QRCodeGenerator.h; sourceTree = "<group>"; };
		994763C51CAB7E2A008B4E57 /* QRCodeGenerator.m */ = {isa = PBXFileReference; fileEncoding = 4; lastKnownFileType = sourcecode.c.objc; path = QRCodeGenerator.m; sourceTree = "<group>"; };
		994763C61CAB7E2A008B4E57 /* qrencode.c */ = {isa = PBXFileReference; fileEncoding = 4; lastKnownFileType = sourcecode.c.c; path = qrencode.c; sourceTree = "<group>"; };
		994763C71CAB7E2A008B4E57 /* qrencode.h */ = {isa = PBXFileReference; fileEncoding = 4; lastKnownFileType = sourcecode.c.h; path = qrencode.h; sourceTree = "<group>"; };
		994763C81CAB7E2A008B4E57 /* qrinput.c */ = {isa = PBXFileReference; fileEncoding = 4; lastKnownFileType = sourcecode.c.c; path = qrinput.c; sourceTree = "<group>"; };
		994763C91CAB7E2A008B4E57 /* qrinput.h */ = {isa = PBXFileReference; fileEncoding = 4; lastKnownFileType = sourcecode.c.h; path = qrinput.h; sourceTree = "<group>"; };
		994763CA1CAB7E2A008B4E57 /* qrspec.c */ = {isa = PBXFileReference; fileEncoding = 4; lastKnownFileType = sourcecode.c.c; path = qrspec.c; sourceTree = "<group>"; };
		994763CB1CAB7E2A008B4E57 /* qrspec.h */ = {isa = PBXFileReference; fileEncoding = 4; lastKnownFileType = sourcecode.c.h; path = qrspec.h; sourceTree = "<group>"; };
		994763CC1CAB7E2A008B4E57 /* rscode.c */ = {isa = PBXFileReference; fileEncoding = 4; lastKnownFileType = sourcecode.c.c; path = rscode.c; sourceTree = "<group>"; };
		994763CD1CAB7E2A008B4E57 /* rscode.h */ = {isa = PBXFileReference; fileEncoding = 4; lastKnownFileType = sourcecode.c.h; path = rscode.h; sourceTree = "<group>"; };
		994763CE1CAB7E2A008B4E57 /* split.c */ = {isa = PBXFileReference; fileEncoding = 4; lastKnownFileType = sourcecode.c.c; path = split.c; sourceTree = "<group>"; };
		994763CF1CAB7E2A008B4E57 /* split.h */ = {isa = PBXFileReference; fileEncoding = 4; lastKnownFileType = sourcecode.c.h; path = split.h; sourceTree = "<group>"; };
		994763D81CAB807E008B4E57 /* qrcode_scan_btn_photo_down@2x.png */ = {isa = PBXFileReference; lastKnownFileType = image.png; path = "qrcode_scan_btn_photo_down@2x.png"; sourceTree = "<group>"; };
		994763D91CAB807E008B4E57 /* qrcode_scan_btn_flash_down@2x.png */ = {isa = PBXFileReference; lastKnownFileType = image.png; path = "qrcode_scan_btn_flash_down@2x.png"; sourceTree = "<group>"; };
		994763DA1CAB807E008B4E57 /* qrcode_scan_titlebar_back_nor@2x.png */ = {isa = PBXFileReference; lastKnownFileType = image.png; path = "qrcode_scan_titlebar_back_nor@2x.png"; sourceTree = "<group>"; };
		994763DB1CAB807E008B4E57 /* Bangladeshi@2x.png */ = {isa = PBXFileReference; lastKnownFileType = image.png; path = "Bangladeshi@2x.png"; sourceTree = "<group>"; };
		994763DC1CAB807E008B4E57 /* Icon-60@2x.png */ = {isa = PBXFileReference; lastKnownFileType = image.png; path = "Icon-60@2x.png"; sourceTree = "<group>"; };
		994763DD1CAB807E008B4E57 /* scan_net@2x.png */ = {isa = PBXFileReference; lastKnownFileType = image.png; path = "scan_net@2x.png"; sourceTree = "<group>"; };
		994763DE1CAB807E008B4E57 /* scan_4@2x.png */ = {isa = PBXFileReference; lastKnownFileType = image.png; path = "scan_4@2x.png"; sourceTree = "<group>"; };
		994763DF1CAB807E008B4E57 /* scan_3@2x.png */ = {isa = PBXFileReference; lastKnownFileType = image.png; path = "scan_3@2x.png"; sourceTree = "<group>"; };
		994763E01CAB807E008B4E57 /* scan_2@2x.png */ = {isa = PBXFileReference; lastKnownFileType = image.png; path = "scan_2@2x.png"; sourceTree = "<group>"; };
		994763E11CAB807E008B4E57 /* scan_1@2x.png */ = {isa = PBXFileReference; lastKnownFileType = image.png; path = "scan_1@2x.png"; sourceTree = "<group>"; };
		994763E21CAB807E008B4E57 /* qrcode_scan_light_green@2x.png */ = {isa = PBXFileReference; lastKnownFileType = image.png; path = "qrcode_scan_light_green@2x.png"; sourceTree = "<group>"; };
		994763E31CAB807E008B4E57 /* qrcode_scan_btn_myqrcode_down@2x.png */ = {isa = PBXFileReference; lastKnownFileType = image.png; path = "qrcode_scan_btn_myqrcode_down@2x.png"; sourceTree = "<group>"; };
		994763F01CAB82CE008B4E57 /* 二维码扫描.entitlements */ = {isa = PBXFileReference; fileEncoding = 4; lastKnownFileType = text.xml; path = "二维码扫描.entitlements"; sourceTree = "<group>"; };
		994763F21CAB8709008B4E57 /* loginViewController.h */ = {isa = PBXFileReference; fileEncoding = 4; lastKnownFileType = sourcecode.c.h; path = loginViewController.h; sourceTree = "<group>"; };
		994763F31CAB8709008B4E57 /* loginViewController.m */ = {isa = PBXFileReference; fileEncoding = 4; lastKnownFileType = sourcecode.c.objc; path = loginViewController.m; sourceTree = "<group>"; };
		994763F51CABA8F8008B4E57 /* 第三方登录@2x.png */ = {isa = PBXFileReference; lastKnownFileType = image.png; path = "第三方登录@2x.png"; sourceTree = "<group>"; };
		994763F61CABA8F8008B4E57 /* 线@2x.png */ = {isa = PBXFileReference; lastKnownFileType = image.png; path = "线@2x.png"; sourceTree = "<group>"; };
		994763F71CABA8F8008B4E57 /* 微信@2x.png */ = {isa = PBXFileReference; lastKnownFileType = image.png; path = "微信@2x.png"; sourceTree = "<group>"; };
		994763F81CABA8F8008B4E57 /* 微博@2x.png */ = {isa = PBXFileReference; lastKnownFileType = image.png; path = "微博@2x.png"; sourceTree = "<group>"; };
		994763F91CABA8F8008B4E57 /* 人人@2x.png */ = {isa = PBXFileReference; lastKnownFileType = image.png; path = "人人@2x.png"; sourceTree = "<group>"; };
		994763FA1CABA8F8008B4E57 /* icon@2x.png */ = {isa = PBXFileReference; lastKnownFileType = image.png; path = "icon@2x.png"; sourceTree = "<group>"; };
		994763FB1CABA8F8008B4E57 /* button@2x.png */ = {isa = PBXFileReference; lastKnownFileType = image.png; path = "button@2x.png"; sourceTree = "<group>"; };
		994763FC1CABA8F8008B4E57 /* 背景框@2x.png */ = {isa = PBXFileReference; lastKnownFileType = image.png; path = "背景框@2x.png"; sourceTree = "<group>"; };
		994763FD1CABA8F8008B4E57 /* 背景图@2x.png */ = {isa = PBXFileReference; lastKnownFileType = image.png; path = "背景图@2x.png"; sourceTree = "<group>"; };
		994763FE1CABA8F8008B4E57 /* lock@2x.png */ = {isa = PBXFileReference; lastKnownFileType = image.png; path = "lock@2x.png"; sourceTree = "<group>"; };
		9947640C1CABD9B5008B4E57 /* enrollViewController.h */ = {isa = PBXFileReference; fileEncoding = 4; lastKnownFileType = sourcecode.c.h; path = enrollViewController.h; sourceTree = "<group>"; };
		9947640D1CABD9B5008B4E57 /* enrollViewController.m */ = {isa = PBXFileReference; fileEncoding = 4; lastKnownFileType = sourcecode.c.objc; path = enrollViewController.m; sourceTree = "<group>"; };
		998DA6D51CAA6AE2006808FF /* chatViewController.h */ = {isa = PBXFileReference; fileEncoding = 4; lastKnownFileType = sourcecode.c.h; path = chatViewController.h; sourceTree = "<group>"; };
		998DA6D61CAA6AE2006808FF /* chatViewController.m */ = {isa = PBXFileReference; fileEncoding = 4; lastKnownFileType = sourcecode.c.objc; path = chatViewController.m; sourceTree = "<group>"; };
		99B0D2C51CA8DC4700DE3965 /* 金堂.app */ = {isa = PBXFileReference; explicitFileType = wrapper.application; includeInIndex = 0; path = "金堂.app"; sourceTree = BUILT_PRODUCTS_DIR; };
		99B0D2C91CA8DC4700DE3965 /* main.m */ = {isa = PBXFileReference; lastKnownFileType = sourcecode.c.objc; path = main.m; sourceTree = "<group>"; };
		99B0D2CB1CA8DC4700DE3965 /* AppDelegate.h */ = {isa = PBXFileReference; lastKnownFileType = sourcecode.c.h; path = AppDelegate.h; sourceTree = "<group>"; };
		99B0D2CC1CA8DC4700DE3965 /* AppDelegate.m */ = {isa = PBXFileReference; lastKnownFileType = sourcecode.c.objc; path = AppDelegate.m; sourceTree = "<group>"; };
		99B0D2CE1CA8DC4700DE3965 /* ViewController.h */ = {isa = PBXFileReference; lastKnownFileType = sourcecode.c.h; path = ViewController.h; sourceTree = "<group>"; };
		99B0D2CF1CA8DC4700DE3965 /* ViewController.m */ = {isa = PBXFileReference; lastKnownFileType = sourcecode.c.objc; path = ViewController.m; sourceTree = "<group>"; };
		99B0D2D21CA8DC4700DE3965 /* Base */ = {isa = PBXFileReference; lastKnownFileType = file.storyboard; name = Base; path = Base.lproj/Main.storyboard; sourceTree = "<group>"; };
		99B0D2D41CA8DC4700DE3965 /* Assets.xcassets */ = {isa = PBXFileReference; lastKnownFileType = folder.assetcatalog; path = Assets.xcassets; sourceTree = "<group>"; };
		99B0D2D71CA8DC4700DE3965 /* Base */ = {isa = PBXFileReference; lastKnownFileType = file.storyboard; name = Base; path = Base.lproj/LaunchScreen.storyboard; sourceTree = "<group>"; };
		99B0D2D91CA8DC4700DE3965 /* Info.plist */ = {isa = PBXFileReference; lastKnownFileType = text.plist.xml; path = Info.plist; sourceTree = "<group>"; };
		99B0D2DE1CA8DC4700DE3965 /* 金堂Tests.xctest */ = {isa = PBXFileReference; explicitFileType = wrapper.cfbundle; includeInIndex = 0; path = "金堂Tests.xctest"; sourceTree = BUILT_PRODUCTS_DIR; };
		99B0D2E21CA8DC4700DE3965 /* __Tests.m */ = {isa = PBXFileReference; lastKnownFileType = sourcecode.c.objc; path = __Tests.m; sourceTree = "<group>"; };
		99B0D2E41CA8DC4700DE3965 /* Info.plist */ = {isa = PBXFileReference; lastKnownFileType = text.plist.xml; path = Info.plist; sourceTree = "<group>"; };
		99B0D2E91CA8DC4700DE3965 /* 金堂UITests.xctest */ = {isa = PBXFileReference; explicitFileType = wrapper.cfbundle; includeInIndex = 0; path = "金堂UITests.xctest"; sourceTree = BUILT_PRODUCTS_DIR; };
		99B0D2ED1CA8DC4700DE3965 /* __UITests.m */ = {isa = PBXFileReference; lastKnownFileType = sourcecode.c.objc; path = __UITests.m; sourceTree = "<group>"; };
		99B0D2EF1CA8DC4700DE3965 /* Info.plist */ = {isa = PBXFileReference; lastKnownFileType = text.plist.xml; path = Info.plist; sourceTree = "<group>"; };
		99B0D2FC1CA9040600DE3965 /* dongtai.png */ = {isa = PBXFileReference; lastKnownFileType = image.png; path = dongtai.png; sourceTree = "<group>"; };
		99B0D2FD1CA9040600DE3965 /* faxian.png */ = {isa = PBXFileReference; lastKnownFileType = image.png; path = faxian.png; sourceTree = "<group>"; };
		99B0D2FE1CA9040600DE3965 /* liaotian.png */ = {isa = PBXFileReference; lastKnownFileType = image.png; path = liaotian.png; sourceTree = "<group>"; };
		99B0D2FF1CA9040600DE3965 /* quan.png */ = {isa = PBXFileReference; lastKnownFileType = image.png; path = quan.png; sourceTree = "<group>"; };
		99B0D3001CA9040600DE3965 /* shequ.png */ = {isa = PBXFileReference; lastKnownFileType = image.png; path = shequ.png; sourceTree = "<group>"; };
		99B0D3011CA9040600DE3965 /* Thumbs.db */ = {isa = PBXFileReference; lastKnownFileType = file; path = Thumbs.db; sourceTree = "<group>"; };
		99B0D3081CA907AA00DE3965 /* Podfile */ = {isa = PBXFileReference; fileEncoding = 4; lastKnownFileType = text; path = Podfile; sourceTree = "<group>"; xcLanguageSpecificationIdentifier = xcode.lang.ruby; };
		99FB0B751CAA77D6001635F8 /* 头像.png */ = {isa = PBXFileReference; lastKnownFileType = image.png; path = "头像.png"; sourceTree = "<group>"; };
		C6760EF67EC0D5D5796CBEDA /* Pods.release.xcconfig */ = {isa = PBXFileReference; includeInIndex = 1; lastKnownFileType = text.xcconfig; name = Pods.release.xcconfig; path = "Pods/Target Support Files/Pods/Pods.release.xcconfig"; sourceTree = "<group>"; };
		D0FF5357F04A504D3432E96F /* Pods.debug.xcconfig */ = {isa = PBXFileReference; includeInIndex = 1; lastKnownFileType = text.xcconfig; name = Pods.debug.xcconfig; path = "Pods/Target Support Files/Pods/Pods.debug.xcconfig"; sourceTree = "<group>"; };
/* End PBXFileReference section */

/* Begin PBXFrameworksBuildPhase section */
		99B0D2C21CA8DC4700DE3965 /* Frameworks */ = {
			isa = PBXFrameworksBuildPhase;
			buildActionMask = 2147483647;
			files = (
				994763B71CAB7BCA008B4E57 /* NetworkExtension.framework in Frameworks */,
				994763B51CAB7BBA008B4E57 /* CFNetwork.framework in Frameworks */,
				994763B31CAB7BB1008B4E57 /* SystemConfiguration.framework in Frameworks */,
				994763B11CAB7BA4008B4E57 /* CoreTelephony.framework in Frameworks */,
				D27B858ABBE05EBE31EF8876 /* libPods.a in Frameworks */,
			);
			runOnlyForDeploymentPostprocessing = 0;
		};
		99B0D2DB1CA8DC4700DE3965 /* Frameworks */ = {
			isa = PBXFrameworksBuildPhase;
			buildActionMask = 2147483647;
			files = (
			);
			runOnlyForDeploymentPostprocessing = 0;
		};
		99B0D2E61CA8DC4700DE3965 /* Frameworks */ = {
			isa = PBXFrameworksBuildPhase;
			buildActionMask = 2147483647;
			files = (
			);
			runOnlyForDeploymentPostprocessing = 0;
		};
/* End PBXFrameworksBuildPhase section */

/* Begin PBXGroup section */
		5BD4AD9FA04FB47F1CBC7D13 /* Pods */ = {
			isa = PBXGroup;
			children = (
				D0FF5357F04A504D3432E96F /* Pods.debug.xcconfig */,
				C6760EF67EC0D5D5796CBEDA /* Pods.release.xcconfig */,
			);
			name = Pods;
			sourceTree = "<group>";
		};
		994763BC1CAB7DE5008B4E57 /* personalThirdframework */ = {
			isa = PBXGroup;
			children = (
				994763F01CAB82CE008B4E57 /* 二维码扫描.entitlements */,
				994763C01CAB7E2A008B4E57 /* bitstream.c */,
				994763C11CAB7E2A008B4E57 /* bitstream.h */,
				994763C21CAB7E2A008B4E57 /* mask.c */,
				994763C31CAB7E2A008B4E57 /* mask.h */,
				994763C41CAB7E2A008B4E57 /* QRCodeGenerator.h */,
				994763C51CAB7E2A008B4E57 /* QRCodeGenerator.m */,
				994763C61CAB7E2A008B4E57 /* qrencode.c */,
				994763C71CAB7E2A008B4E57 /* qrencode.h */,
				994763C81CAB7E2A008B4E57 /* qrinput.c */,
				994763C91CAB7E2A008B4E57 /* qrinput.h */,
				994763CA1CAB7E2A008B4E57 /* qrspec.c */,
				994763CB1CAB7E2A008B4E57 /* qrspec.h */,
				994763CC1CAB7E2A008B4E57 /* rscode.c */,
				994763CD1CAB7E2A008B4E57 /* rscode.h */,
				994763CE1CAB7E2A008B4E57 /* split.c */,
				994763CF1CAB7E2A008B4E57 /* split.h */,
				994763BD1CAB7DFD008B4E57 /* UIView+SDExtension.m */,
				994763BE1CAB7DFD008B4E57 /* UIView+SDExtension.h */,
			);
			name = personalThirdframework;
			sourceTree = "<group>";
		};
		99A2AA361CAA66D300671F39 /* others */ = {
			isa = PBXGroup;
			children = (
			);
			name = others;
			sourceTree = "<group>";
		};
		99B0D2BC1CA8DC4700DE3965 = {
			isa = PBXGroup;
			children = (
				99B0D3081CA907AA00DE3965 /* Podfile */,
				99B0D2C71CA8DC4700DE3965 /* 金堂 */,
				99B0D2E11CA8DC4700DE3965 /* 金堂Tests */,
				99B0D2EC1CA8DC4700DE3965 /* 金堂UITests */,
				99B0D2C61CA8DC4700DE3965 /* Products */,
				5BD4AD9FA04FB47F1CBC7D13 /* Pods */,
				BF49C74FE9413E6D25111C59 /* Frameworks */,
			);
			sourceTree = "<group>";
		};
		99B0D2C61CA8DC4700DE3965 /* Products */ = {
			isa = PBXGroup;
			children = (
				99B0D2C51CA8DC4700DE3965 /* 金堂.app */,
				99B0D2DE1CA8DC4700DE3965 /* 金堂Tests.xctest */,
				99B0D2E91CA8DC4700DE3965 /* 金堂UITests.xctest */,
			);
			name = Products;
			sourceTree = "<group>";
		};
		99B0D2C71CA8DC4700DE3965 /* 金堂 */ = {
			isa = PBXGroup;
			children = (
				994763BC1CAB7DE5008B4E57 /* personalThirdframework */,
				99A2AA361CAA66D300671F39 /* others */,
				99CFBEC81CAA65FF00FB64A7 /* controllers */,
				99CFBEC71CAA65F800FB64A7 /* views */,
				99CFBEC51CAA65E000FB64A7 /* model */,
				99B0D2FB1CA9040600DE3965 /* 标签 */,
				99B0D2CB1CA8DC4700DE3965 /* AppDelegate.h */,
				99B0D2CC1CA8DC4700DE3965 /* AppDelegate.m */,
				99B0D2D41CA8DC4700DE3965 /* Assets.xcassets */,
				99B0D2D61CA8DC4700DE3965 /* LaunchScreen.storyboard */,
				99B0D2D91CA8DC4700DE3965 /* Info.plist */,
				99B0D2C81CA8DC4700DE3965 /* Supporting Files */,
			);
			path = "金堂";
			sourceTree = "<group>";
		};
		99B0D2C81CA8DC4700DE3965 /* Supporting Files */ = {
			isa = PBXGroup;
			children = (
				99B0D2C91CA8DC4700DE3965 /* main.m */,
			);
			name = "Supporting Files";
			sourceTree = "<group>";
		};
		99B0D2E11CA8DC4700DE3965 /* 金堂Tests */ = {
			isa = PBXGroup;
			children = (
				99B0D2E21CA8DC4700DE3965 /* __Tests.m */,
				99B0D2E41CA8DC4700DE3965 /* Info.plist */,
			);
			path = "金堂Tests";
			sourceTree = "<group>";
		};
		99B0D2EC1CA8DC4700DE3965 /* 金堂UITests */ = {
			isa = PBXGroup;
			children = (
				99B0D2ED1CA8DC4700DE3965 /* __UITests.m */,
				99B0D2EF1CA8DC4700DE3965 /* Info.plist */,
			);
			path = "金堂UITests";
			sourceTree = "<group>";
		};
		99B0D2FB1CA9040600DE3965 /* 标签 */ = {
			isa = PBXGroup;
			children = (
				994763F51CABA8F8008B4E57 /* 第三方登录@2x.png */,
				994763F61CABA8F8008B4E57 /* 线@2x.png */,
				994763F71CABA8F8008B4E57 /* 微信@2x.png */,
				994763F81CABA8F8008B4E57 /* 微博@2x.png */,
				994763F91CABA8F8008B4E57 /* 人人@2x.png */,
				994763FA1CABA8F8008B4E57 /* icon@2x.png */,
				994763FB1CABA8F8008B4E57 /* button@2x.png */,
				994763FC1CABA8F8008B4E57 /* 背景框@2x.png */,
				994763FD1CABA8F8008B4E57 /* 背景图@2x.png */,
				994763FE1CABA8F8008B4E57 /* lock@2x.png */,
				994763D81CAB807E008B4E57 /* qrcode_scan_btn_photo_down@2x.png */,
				994763D91CAB807E008B4E57 /* qrcode_scan_btn_flash_down@2x.png */,
				994763DA1CAB807E008B4E57 /* qrcode_scan_titlebar_back_nor@2x.png */,
				994763DB1CAB807E008B4E57 /* Bangladeshi@2x.png */,
				994763DC1CAB807E008B4E57 /* Icon-60@2x.png */,
				994763DD1CAB807E008B4E57 /* scan_net@2x.png */,
				994763DE1CAB807E008B4E57 /* scan_4@2x.png */,
				994763DF1CAB807E008B4E57 /* scan_3@2x.png */,
				994763E01CAB807E008B4E57 /* scan_2@2x.png */,
				994763E11CAB807E008B4E57 /* scan_1@2x.png */,
				994763E21CAB807E008B4E57 /* qrcode_scan_light_green@2x.png */,
				994763E31CAB807E008B4E57 /* qrcode_scan_btn_myqrcode_down@2x.png */,
				99FB0B751CAA77D6001635F8 /* 头像.png */,
				99B0D2FC1CA9040600DE3965 /* dongtai.png */,
				99B0D2FD1CA9040600DE3965 /* faxian.png */,
				99B0D2FE1CA9040600DE3965 /* liaotian.png */,
				99B0D2FF1CA9040600DE3965 /* quan.png */,
				99B0D3001CA9040600DE3965 /* shequ.png */,
				99B0D3011CA9040600DE3965 /* Thumbs.db */,
			);
			path = "标签";
			sourceTree = "<group>";
		};
		99CFBEC51CAA65E000FB64A7 /* model */ = {
			isa = PBXGroup;
			children = (
			);
			name = model;
			sourceTree = "<group>";
		};
		99CFBEC71CAA65F800FB64A7 /* views */ = {
			isa = PBXGroup;
			children = (
				99B0D2D11CA8DC4700DE3965 /* Main.storyboard */,
			);
			name = views;
			sourceTree = "<group>";
		};
		99CFBEC81CAA65FF00FB64A7 /* controllers */ = {
			isa = PBXGroup;
			children = (
				99B0D2CE1CA8DC4700DE3965 /* ViewController.h */,
				994763F21CAB8709008B4E57 /* loginViewController.h */,
				994763F31CAB8709008B4E57 /* loginViewController.m */,
				998DA6D51CAA6AE2006808FF /* chatViewController.h */,
				99197F2B1CAE7EB20013D1C0 /* practiceTableViewController.h */,
				99197F2C1CAE7EB20013D1C0 /* practiceTableViewController.m */,
				99197F2E1CAE8EFA0013D1C0 /* practice2ViewController.h */,
				99197F2F1CAE8EFA0013D1C0 /* practice2ViewController.m */,
				998DA6D61CAA6AE2006808FF /* chatViewController.m */,
				9947640C1CABD9B5008B4E57 /* enrollViewController.h */,
				9947640D1CABD9B5008B4E57 /* enrollViewController.m */,
				994763491CAB6CAF008B4E57 /* foundViewController.h */,
				9947634A1CAB6CAF008B4E57 /* foundViewController.m */,
				994763B81CAB7CBD008B4E57 /* QRCodeViewController.h */,
				994763B91CAB7CBD008B4E57 /* QRCodeViewController.m */,
				99B0D2CF1CA8DC4700DE3965 /* ViewController.m */,
			);
			name = controllers;
			sourceTree = "<group>";
		};
		BF49C74FE9413E6D25111C59 /* Frameworks */ = {
			isa = PBXGroup;
			children = (
				994763B61CAB7BCA008B4E57 /* NetworkExtension.framework */,
				994763B41CAB7BBA008B4E57 /* CFNetwork.framework */,
				994763B21CAB7BB1008B4E57 /* SystemConfiguration.framework */,
				994763B01CAB7BA4008B4E57 /* CoreTelephony.framework */,
				63FCEF84EADC805EF927E3C6 /* libPods.a */,
			);
			name = Frameworks;
			sourceTree = "<group>";
		};
/* End PBXGroup section */

/* Begin PBXNativeTarget section */
		99B0D2C41CA8DC4700DE3965 /* 金堂 */ = {
			isa = PBXNativeTarget;
			buildConfigurationList = 99B0D2F21CA8DC4700DE3965 /* Build configuration list for PBXNativeTarget "金堂" */;
			buildPhases = (
				5FB439E019F94FDF60FB4381 /* Check Pods Manifest.lock */,
				99B0D2C11CA8DC4700DE3965 /* Sources */,
				99B0D2C21CA8DC4700DE3965 /* Frameworks */,
				99B0D2C31CA8DC4700DE3965 /* Resources */,
				9313BFA8DA55C982D4D70F99 /* Embed Pods Frameworks */,
				F32EA00A98DF7D78E4B25C32 /* Copy Pods Resources */,
			);
			buildRules = (
			);
			dependencies = (
			);
			name = "金堂";
			productName = "金堂";
			productReference = 99B0D2C51CA8DC4700DE3965 /* 金堂.app */;
			productType = "com.apple.product-type.application";
		};
		99B0D2DD1CA8DC4700DE3965 /* 金堂Tests */ = {
			isa = PBXNativeTarget;
			buildConfigurationList = 99B0D2F51CA8DC4700DE3965 /* Build configuration list for PBXNativeTarget "金堂Tests" */;
			buildPhases = (
				99B0D2DA1CA8DC4700DE3965 /* Sources */,
				99B0D2DB1CA8DC4700DE3965 /* Frameworks */,
				99B0D2DC1CA8DC4700DE3965 /* Resources */,
			);
			buildRules = (
			);
			dependencies = (
				99B0D2E01CA8DC4700DE3965 /* PBXTargetDependency */,
			);
			name = "金堂Tests";
			productName = "金堂Tests";
			productReference = 99B0D2DE1CA8DC4700DE3965 /* 金堂Tests.xctest */;
			productType = "com.apple.product-type.bundle.unit-test";
		};
		99B0D2E81CA8DC4700DE3965 /* 金堂UITests */ = {
			isa = PBXNativeTarget;
			buildConfigurationList = 99B0D2F81CA8DC4700DE3965 /* Build configuration list for PBXNativeTarget "金堂UITests" */;
			buildPhases = (
				99B0D2E51CA8DC4700DE3965 /* Sources */,
				99B0D2E61CA8DC4700DE3965 /* Frameworks */,
				99B0D2E71CA8DC4700DE3965 /* Resources */,
			);
			buildRules = (
			);
			dependencies = (
				99B0D2EB1CA8DC4700DE3965 /* PBXTargetDependency */,
			);
			name = "金堂UITests";
			productName = "金堂UITests";
			productReference = 99B0D2E91CA8DC4700DE3965 /* 金堂UITests.xctest */;
			productType = "com.apple.product-type.bundle.ui-testing";
		};
/* End PBXNativeTarget section */

/* Begin PBXProject section */
		99B0D2BD1CA8DC4700DE3965 /* Project object */ = {
			isa = PBXProject;
			attributes = {
				LastUpgradeCheck = 0720;
				ORGANIZATIONNAME = luxia;
				TargetAttributes = {
					99B0D2C41CA8DC4700DE3965 = {
						CreatedOnToolsVersion = 7.2;
					};
					99B0D2DD1CA8DC4700DE3965 = {
						CreatedOnToolsVersion = 7.2;
						TestTargetID = 99B0D2C41CA8DC4700DE3965;
					};
					99B0D2E81CA8DC4700DE3965 = {
						CreatedOnToolsVersion = 7.2;
						TestTargetID = 99B0D2C41CA8DC4700DE3965;
					};
				};
			};
			buildConfigurationList = 99B0D2C01CA8DC4700DE3965 /* Build configuration list for PBXProject "金堂" */;
			compatibilityVersion = "Xcode 3.2";
			developmentRegion = English;
			hasScannedForEncodings = 0;
			knownRegions = (
				en,
				Base,
			);
			mainGroup = 99B0D2BC1CA8DC4700DE3965;
			productRefGroup = 99B0D2C61CA8DC4700DE3965 /* Products */;
			projectDirPath = "";
			projectRoot = "";
			targets = (
				99B0D2C41CA8DC4700DE3965 /* 金堂 */,
				99B0D2DD1CA8DC4700DE3965 /* 金堂Tests */,
				99B0D2E81CA8DC4700DE3965 /* 金堂UITests */,
			);
		};
/* End PBXProject section */

/* Begin PBXResourcesBuildPhase section */
		99B0D2C31CA8DC4700DE3965 /* Resources */ = {
			isa = PBXResourcesBuildPhase;
			buildActionMask = 2147483647;
			files = (
				994764001CABA8F8008B4E57 /* 线@2x.png in Resources */,
				99B0D3091CA907AA00DE3965 /* Podfile in Resources */,
				994763E91CAB807E008B4E57 /* scan_net@2x.png in Resources */,
				994763E41CAB807E008B4E57 /* qrcode_scan_btn_photo_down@2x.png in Resources */,
				99B0D3021CA9040600DE3965 /* dongtai.png in Resources */,
				994763EE1CAB807E008B4E57 /* qrcode_scan_light_green@2x.png in Resources */,
				994764071CABA8F8008B4E57 /* 背景图@2x.png in Resources */,
				994764021CABA8F8008B4E57 /* 微博@2x.png in Resources */,
				994763EC1CAB807E008B4E57 /* scan_2@2x.png in Resources */,
				994764061CABA8F8008B4E57 /* 背景框@2x.png in Resources */,
				994763EA1CAB807E008B4E57 /* scan_4@2x.png in Resources */,
				994763E61CAB807E008B4E57 /* qrcode_scan_titlebar_back_nor@2x.png in Resources */,
				99B0D2D81CA8DC4700DE3965 /* LaunchScreen.storyboard in Resources */,
				99B0D3061CA9040600DE3965 /* shequ.png in Resources */,
				99B0D3031CA9040600DE3965 /* faxian.png in Resources */,
				994763E81CAB807E008B4E57 /* Icon-60@2x.png in Resources */,
				99B0D2D51CA8DC4700DE3965 /* Assets.xcassets in Resources */,
				99FB0B761CAA77D6001635F8 /* 头像.png in Resources */,
				994764011CABA8F8008B4E57 /* 微信@2x.png in Resources */,
				994763EB1CAB807E008B4E57 /* scan_3@2x.png in Resources */,
				994764051CABA8F8008B4E57 /* button@2x.png in Resources */,
				994763F11CAB82CE008B4E57 /* 二维码扫描.entitlements in Resources */,
				99B0D3041CA9040600DE3965 /* liaotian.png in Resources */,
				99B0D3071CA9040600DE3965 /* Thumbs.db in Resources */,
				994764031CABA8F8008B4E57 /* 人人@2x.png in Resources */,
				99B0D3051CA9040600DE3965 /* quan.png in Resources */,
				994763FF1CABA8F8008B4E57 /* 第三方登录@2x.png in Resources */,
				994763ED1CAB807E008B4E57 /* scan_1@2x.png in Resources */,
				994763EF1CAB807E008B4E57 /* qrcode_scan_btn_myqrcode_down@2x.png in Resources */,
				994763E51CAB807E008B4E57 /* qrcode_scan_btn_flash_down@2x.png in Resources */,
				99B0D2D31CA8DC4700DE3965 /* Main.storyboard in Resources */,
				994764081CABA8F8008B4E57 /* lock@2x.png in Resources */,
				994763E71CAB807E008B4E57 /* Bangladeshi@2x.png in Resources */,
				994764041CABA8F8008B4E57 /* icon@2x.png in Resources */,
			);
			runOnlyForDeploymentPostprocessing = 0;
		};
		99B0D2DC1CA8DC4700DE3965 /* Resources */ = {
			isa = PBXResourcesBuildPhase;
			buildActionMask = 2147483647;
			files = (
			);
			runOnlyForDeploymentPostprocessing = 0;
		};
		99B0D2E71CA8DC4700DE3965 /* Resources */ = {
			isa = PBXResourcesBuildPhase;
			buildActionMask = 2147483647;
			files = (
			);
			runOnlyForDeploymentPostprocessing = 0;
		};
/* End PBXResourcesBuildPhase section */

/* Begin PBXShellScriptBuildPhase section */
		5FB439E019F94FDF60FB4381 /* Check Pods Manifest.lock */ = {
			isa = PBXShellScriptBuildPhase;
			buildActionMask = 2147483647;
			files = (
			);
			inputPaths = (
			);
			name = "Check Pods Manifest.lock";
			outputPaths = (
			);
			runOnlyForDeploymentPostprocessing = 0;
			shellPath = /bin/sh;
			shellScript = "diff \"${PODS_ROOT}/../Podfile.lock\" \"${PODS_ROOT}/Manifest.lock\" > /dev/null\nif [[ $? != 0 ]] ; then\n    cat << EOM\nerror: The sandbox is not in sync with the Podfile.lock. Run 'pod install' or update your CocoaPods installation.\nEOM\n    exit 1\nfi\n";
			showEnvVarsInLog = 0;
		};
		9313BFA8DA55C982D4D70F99 /* Embed Pods Frameworks */ = {
			isa = PBXShellScriptBuildPhase;
			buildActionMask = 2147483647;
			files = (
			);
			inputPaths = (
			);
			name = "Embed Pods Frameworks";
			outputPaths = (
			);
			runOnlyForDeploymentPostprocessing = 0;
			shellPath = /bin/sh;
			shellScript = "\"${SRCROOT}/Pods/Target Support Files/Pods/Pods-frameworks.sh\"\n";
			showEnvVarsInLog = 0;
		};
		F32EA00A98DF7D78E4B25C32 /* Copy Pods Resources */ = {
			isa = PBXShellScriptBuildPhase;
			buildActionMask = 2147483647;
			files = (
			);
			inputPaths = (
			);
			name = "Copy Pods Resources";
			outputPaths = (
			);
			runOnlyForDeploymentPostprocessing = 0;
			shellPath = /bin/sh;
			shellScript = "\"${SRCROOT}/Pods/Target Support Files/Pods/Pods-resources.sh\"\n";
			showEnvVarsInLog = 0;
		};
/* End PBXShellScriptBuildPhase section */

/* Begin PBXSourcesBuildPhase section */
		99B0D2C11CA8DC4700DE3965 /* Sources */ = {
			isa = PBXSourcesBuildPhase;
			buildActionMask = 2147483647;
			files = (
				994763BF1CAB7DFD008B4E57 /* UIView+SDExtension.m in Sources */,
				99B0D2D01CA8DC4700DE3965 /* ViewController.m in Sources */,
				99B0D2CD1CA8DC4700DE3965 /* AppDelegate.m in Sources */,
				994763D71CAB7E2A008B4E57 /* split.c in Sources */,
				994763D61CAB7E2A008B4E57 /* rscode.c in Sources */,
				994763BA1CAB7CBD008B4E57 /* QRCodeViewController.m in Sources */,
				994763D51CAB7E2A008B4E57 /* qrspec.c in Sources */,
				9947634B1CAB6CAF008B4E57 /* foundViewController.m in Sources */,
				994763F41CAB8709008B4E57 /* loginViewController.m in Sources */,
				99197F301CAE8EFA0013D1C0 /* practice2ViewController.m in Sources */,
				994763D41CAB7E2A008B4E57 /* qrinput.c in Sources */,
				994763D21CAB7E2A008B4E57 /* QRCodeGenerator.m in Sources */,
				998DA6D71CAA6AE2006808FF /* chatViewController.m in Sources */,
				99197F2D1CAE7EB20013D1C0 /* practiceTableViewController.m in Sources */,
				9947640E1CABD9B5008B4E57 /* enrollViewController.m in Sources */,
				994763D11CAB7E2A008B4E57 /* mask.c in Sources */,
				99B0D2CA1CA8DC4700DE3965 /* main.m in Sources */,
				994763D31CAB7E2A008B4E57 /* qrencode.c in Sources */,
				994763D01CAB7E2A008B4E57 /* bitstream.c in Sources */,
			);
			runOnlyForDeploymentPostprocessing = 0;
		};
		99B0D2DA1CA8DC4700DE3965 /* Sources */ = {
			isa = PBXSourcesBuildPhase;
			buildActionMask = 2147483647;
			files = (
				99B0D2E31CA8DC4700DE3965 /* __Tests.m in Sources */,
			);
			runOnlyForDeploymentPostprocessing = 0;
		};
		99B0D2E51CA8DC4700DE3965 /* Sources */ = {
			isa = PBXSourcesBuildPhase;
			buildActionMask = 2147483647;
			files = (
				99B0D2EE1CA8DC4700DE3965 /* __UITests.m in Sources */,
			);
			runOnlyForDeploymentPostprocessing = 0;
		};
/* End PBXSourcesBuildPhase section */

/* Begin PBXTargetDependency section */
		99B0D2E01CA8DC4700DE3965 /* PBXTargetDependency */ = {
			isa = PBXTargetDependency;
			target = 99B0D2C41CA8DC4700DE3965 /* 金堂 */;
			targetProxy = 99B0D2DF1CA8DC4700DE3965 /* PBXContainerItemProxy */;
		};
		99B0D2EB1CA8DC4700DE3965 /* PBXTargetDependency */ = {
			isa = PBXTargetDependency;
			target = 99B0D2C41CA8DC4700DE3965 /* 金堂 */;
			targetProxy = 99B0D2EA1CA8DC4700DE3965 /* PBXContainerItemProxy */;
		};
/* End PBXTargetDependency section */

/* Begin PBXVariantGroup section */
		99B0D2D11CA8DC4700DE3965 /* Main.storyboard */ = {
			isa = PBXVariantGroup;
			children = (
				99B0D2D21CA8DC4700DE3965 /* Base */,
			);
			name = Main.storyboard;
			sourceTree = "<group>";
		};
		99B0D2D61CA8DC4700DE3965 /* LaunchScreen.storyboard */ = {
			isa = PBXVariantGroup;
			children = (
				99B0D2D71CA8DC4700DE3965 /* Base */,
			);
			name = LaunchScreen.storyboard;
			sourceTree = "<group>";
		};
/* End PBXVariantGroup section */

/* Begin XCBuildConfiguration section */
		99B0D2F01CA8DC4700DE3965 /* Debug */ = {
			isa = XCBuildConfiguration;
			buildSettings = {
				ALWAYS_SEARCH_USER_PATHS = NO;
				CLANG_CXX_LANGUAGE_STANDARD = "gnu++0x";
				CLANG_CXX_LIBRARY = "libc++";
				CLANG_ENABLE_MODULES = YES;
				CLANG_ENABLE_OBJC_ARC = YES;
				CLANG_WARN_BOOL_CONVERSION = YES;
				CLANG_WARN_CONSTANT_CONVERSION = YES;
				CLANG_WARN_DIRECT_OBJC_ISA_USAGE = YES_ERROR;
				CLANG_WARN_EMPTY_BODY = YES;
				CLANG_WARN_ENUM_CONVERSION = YES;
				CLANG_WARN_INT_CONVERSION = YES;
				CLANG_WARN_OBJC_ROOT_CLASS = YES_ERROR;
				CLANG_WARN_UNREACHABLE_CODE = YES;
				CLANG_WARN__DUPLICATE_METHOD_MATCH = YES;
				"CODE_SIGN_IDENTITY[sdk=iphoneos*]" = "iPhone Developer";
				COPY_PHASE_STRIP = NO;
				DEBUG_INFORMATION_FORMAT = dwarf;
				ENABLE_STRICT_OBJC_MSGSEND = YES;
				ENABLE_TESTABILITY = YES;
				GCC_C_LANGUAGE_STANDARD = gnu99;
				GCC_DYNAMIC_NO_PIC = NO;
				GCC_NO_COMMON_BLOCKS = YES;
				GCC_OPTIMIZATION_LEVEL = 0;
				GCC_PREPROCESSOR_DEFINITIONS = (
					"DEBUG=1",
					"$(inherited)",
				);
				GCC_WARN_64_TO_32_BIT_CONVERSION = YES;
				GCC_WARN_ABOUT_RETURN_TYPE = YES_ERROR;
				GCC_WARN_UNDECLARED_SELECTOR = YES;
				GCC_WARN_UNINITIALIZED_AUTOS = YES_AGGRESSIVE;
				GCC_WARN_UNUSED_FUNCTION = YES;
				GCC_WARN_UNUSED_VARIABLE = YES;
				IPHONEOS_DEPLOYMENT_TARGET = 9.2;
				MTL_ENABLE_DEBUG_INFO = YES;
				ONLY_ACTIVE_ARCH = YES;
				SDKROOT = iphoneos;
			};
			name = Debug;
		};
		99B0D2F11CA8DC4700DE3965 /* Release */ = {
			isa = XCBuildConfiguration;
			buildSettings = {
				ALWAYS_SEARCH_USER_PATHS = NO;
				CLANG_CXX_LANGUAGE_STANDARD = "gnu++0x";
				CLANG_CXX_LIBRARY = "libc++";
				CLANG_ENABLE_MODULES = YES;
				CLANG_ENABLE_OBJC_ARC = YES;
				CLANG_WARN_BOOL_CONVERSION = YES;
				CLANG_WARN_CONSTANT_CONVERSION = YES;
				CLANG_WARN_DIRECT_OBJC_ISA_USAGE = YES_ERROR;
				CLANG_WARN_EMPTY_BODY = YES;
				CLANG_WARN_ENUM_CONVERSION = YES;
				CLANG_WARN_INT_CONVERSION = YES;
				CLANG_WARN_OBJC_ROOT_CLASS = YES_ERROR;
				CLANG_WARN_UNREACHABLE_CODE = YES;
				CLANG_WARN__DUPLICATE_METHOD_MATCH = YES;
				"CODE_SIGN_IDENTITY[sdk=iphoneos*]" = "iPhone Developer";
				COPY_PHASE_STRIP = NO;
				DEBUG_INFORMATION_FORMAT = "dwarf-with-dsym";
				ENABLE_NS_ASSERTIONS = NO;
				ENABLE_STRICT_OBJC_MSGSEND = YES;
				GCC_C_LANGUAGE_STANDARD = gnu99;
				GCC_NO_COMMON_BLOCKS = YES;
				GCC_WARN_64_TO_32_BIT_CONVERSION = YES;
				GCC_WARN_ABOUT_RETURN_TYPE = YES_ERROR;
				GCC_WARN_UNDECLARED_SELECTOR = YES;
				GCC_WARN_UNINITIALIZED_AUTOS = YES_AGGRESSIVE;
				GCC_WARN_UNUSED_FUNCTION = YES;
				GCC_WARN_UNUSED_VARIABLE = YES;
				IPHONEOS_DEPLOYMENT_TARGET = 9.2;
				MTL_ENABLE_DEBUG_INFO = NO;
				SDKROOT = iphoneos;
				VALIDATE_PRODUCT = YES;
			};
			name = Release;
		};
		99B0D2F31CA8DC4700DE3965 /* Debug */ = {
			isa = XCBuildConfiguration;
			baseConfigurationReference = D0FF5357F04A504D3432E96F /* Pods.debug.xcconfig */;
			buildSettings = {
				ASSETCATALOG_COMPILER_APPICON_NAME = AppIcon;
				INFOPLIST_FILE = "金堂/Info.plist";
				LD_RUNPATH_SEARCH_PATHS = "$(inherited) @executable_path/Frameworks";
				LIBRARY_SEARCH_PATHS = (
					"$(inherited)",
					"$(PROJECT_DIR)",
				);
				PRODUCT_BUNDLE_IDENTIFIER = "luxia.--";
				PRODUCT_NAME = "$(TARGET_NAME)";
			};
			name = Debug;
		};
		99B0D2F41CA8DC4700DE3965 /* Release */ = {
			isa = XCBuildConfiguration;
			baseConfigurationReference = C6760EF67EC0D5D5796CBEDA /* Pods.release.xcconfig */;
			buildSettings = {
				ASSETCATALOG_COMPILER_APPICON_NAME = AppIcon;
				INFOPLIST_FILE = "金堂/Info.plist";
				LD_RUNPATH_SEARCH_PATHS = "$(inherited) @executable_path/Frameworks";
				LIBRARY_SEARCH_PATHS = (
					"$(inherited)",
					"$(PROJECT_DIR)",
				);
				PRODUCT_BUNDLE_IDENTIFIER = "luxia.--";
				PRODUCT_NAME = "$(TARGET_NAME)";
			};
			name = Release;
		};
		99B0D2F61CA8DC4700DE3965 /* Debug */ = {
			isa = XCBuildConfiguration;
			buildSettings = {
				BUNDLE_LOADER = "$(TEST_HOST)";
				INFOPLIST_FILE = "金堂Tests/Info.plist";
				LD_RUNPATH_SEARCH_PATHS = "$(inherited) @executable_path/Frameworks @loader_path/Frameworks";
				PRODUCT_BUNDLE_IDENTIFIER = "luxia.--Tests";
				PRODUCT_NAME = "$(TARGET_NAME)";
				TEST_HOST = "$(BUILT_PRODUCTS_DIR)/金堂.app/金堂";
			};
			name = Debug;
		};
		99B0D2F71CA8DC4700DE3965 /* Release */ = {
			isa = XCBuildConfiguration;
			buildSettings = {
				BUNDLE_LOADER = "$(TEST_HOST)";
				INFOPLIST_FILE = "金堂Tests/Info.plist";
				LD_RUNPATH_SEARCH_PATHS = "$(inherited) @executable_path/Frameworks @loader_path/Frameworks";
				PRODUCT_BUNDLE_IDENTIFIER = "luxia.--Tests";
				PRODUCT_NAME = "$(TARGET_NAME)";
				TEST_HOST = "$(BUILT_PRODUCTS_DIR)/金堂.app/金堂";
			};
			name = Release;
		};
		99B0D2F91CA8DC4700DE3965 /* Debug */ = {
			isa = XCBuildConfiguration;
			buildSettings = {
				INFOPLIST_FILE = "金堂UITests/Info.plist";
				LD_RUNPATH_SEARCH_PATHS = "$(inherited) @executable_path/Frameworks @loader_path/Frameworks";
				PRODUCT_BUNDLE_IDENTIFIER = "luxia.--UITests";
				PRODUCT_NAME = "$(TARGET_NAME)";
				TEST_TARGET_NAME = "金堂";
				USES_XCTRUNNER = YES;
			};
			name = Debug;
		};
		99B0D2FA1CA8DC4700DE3965 /* Release */ = {
			isa = XCBuildConfiguration;
			buildSettings = {
				INFOPLIST_FILE = "金堂UITests/Info.plist";
				LD_RUNPATH_SEARCH_PATHS = "$(inherited) @executable_path/Frameworks @loader_path/Frameworks";
				PRODUCT_BUNDLE_IDENTIFIER = "luxia.--UITests";
				PRODUCT_NAME = "$(TARGET_NAME)";
				TEST_TARGET_NAME = "金堂";
				USES_XCTRUNNER = YES;
			};
			name = Release;
		};
/* End XCBuildConfiguration section */

/* Begin XCConfigurationList section */
		99B0D2C01CA8DC4700DE3965 /* Build configuration list for PBXProject "金堂" */ = {
			isa = XCConfigurationList;
			buildConfigurations = (
				99B0D2F01CA8DC4700DE3965 /* Debug */,
				99B0D2F11CA8DC4700DE3965 /* Release */,
			);
			defaultConfigurationIsVisible = 0;
			defaultConfigurationName = Release;
		};
		99B0D2F21CA8DC4700DE3965 /* Build configuration list for PBXNativeTarget "金堂" */ = {
			isa = XCConfigurationList;
			buildConfigurations = (
				99B0D2F31CA8DC4700DE3965 /* Debug */,
				99B0D2F41CA8DC4700DE3965 /* Release */,
			);
			defaultConfigurationIsVisible = 0;
			defaultConfigurationName = Release;
		};
		99B0D2F51CA8DC4700DE3965 /* Build configuration list for PBXNativeTarget "金堂Tests" */ = {
			isa = XCConfigurationList;
			buildConfigurations = (
				99B0D2F61CA8DC4700DE3965 /* Debug */,
				99B0D2F71CA8DC4700DE3965 /* Release */,
			);
			defaultConfigurationIsVisible = 0;
			defaultConfigurationName = Release;
		};
		99B0D2F81CA8DC4700DE3965 /* Build configuration list for PBXNativeTarget "金堂UITests" */ = {
			isa = XCConfigurationList;
			buildConfigurations = (
				99B0D2F91CA8DC4700DE3965 /* Debug */,
				99B0D2FA1CA8DC4700DE3965 /* Release */,
			);
			defaultConfigurationIsVisible = 0;
			defaultConfigurationName = Release;
		};
/* End XCConfigurationList section */
	};
	rootObject = 99B0D2BD1CA8DC4700DE3965 /* Project object */;
}
